
Microsoft Visual Studio Solution File, Format Version 12.00
# Visual Studio Version 17
VisualStudioVersion = 17.6.33706.43
MinimumVisualStudioVersion = 10.0.40219.1
Project("{9A19103F-16F7-4668-BE54-9A1E7A4F7556}") = "LiveStreamQuest", "LiveStreamQuest.csproj", "{FAC1A6B9-1F06-461A-86A6-430EADFA3C1B}"
EndProject
Global
	GlobalSection(SolutionConfigurationPlatforms) = preSolution
		Debug|Any CPU = Debug|Any CPU
		Release|Any CPU = Release|Any CPU
	EndGlobalSection
	GlobalSection(ProjectConfigurationPlatforms) = postSolution
		{FAC1A6B9-1F06-461A-86A6-430EADFA3C1B}.Debug|Any CPU.ActiveCfg = Debug|Any CPU
		{FAC1A6B9-1F06-461A-86A6-430EADFA3C1B}.Debug|Any CPU.Build.0 = Debug|Any CPU
		{FAC1A6B9-1F06-461A-86A6-430EADFA3C1B}.Release|Any CPU.ActiveCfg = Release|Any CPU
		{FAC1A6B9-1F06-461A-86A6-430EADFA3C1B}.Release|Any CPU.Build.0 = Release|Any CPU
		{FAC1A6B9-1F06-461A-86A6-430EADFA3C1B}.Debug|Any CPU.Deploy.0 = Debug|Any CPU
		{FAC1A6B9-1F06-461A-86A6-430EADFA3C1B}.Release|Any CPU.Deploy.0 = Release|Any CPU
	EndGlobalSection
	GlobalSection(SolutionProperties) = preSolution
		HideSolutionNode = FALSE
	EndGlobalSection
	GlobalSection(ExtensibilityGlobals) = postSolution
		SolutionGuid = {768CD806-25F9-4D6C-906B-FB28A50B4846}
	EndGlobalSection
EndGlobal
